
Microsoft Visual Studio Solution File, Format Version 12.00
# Visual Studio 14
VisualStudioVersion = 14.0.25420.1
MinimumVisualStudioVersion = 10.0.40219.1
Project("{2150E333-8FDC-42A3-9474-1A3956D46DE8}") = "src", "src", "{BBE4BF09-1904-4E92-A791-E4FB769F9482}"
EndProject
Project("{2150E333-8FDC-42A3-9474-1A3956D46DE8}") = "Solution Items", "Solution Items", "{83AE2E84-73CD-454F-85CC-6A345A8228C3}"
	ProjectSection(SolutionItems) = preProject
		global.json = global.json
	EndProjectSection
EndProject
Project("{8BB2217D-0F2D-49D1-97BC-3654ED321F3B}") = "EatMeApp", "src\EatMeApp\EatMeApp.xproj", "{6E95CA3C-8596-4B74-91AB-60321295D0CD}"
EndProject
Global
	GlobalSection(SolutionConfigurationPlatforms) = preSolution
		Debug|Any CPU = Debug|Any CPU
		Release|Any CPU = Release|Any CPU
	EndGlobalSection
	GlobalSection(ProjectConfigurationPlatforms) = postSolution
		{6E95CA3C-8596-4B74-91AB-60321295D0CD}.Debug|Any CPU.ActiveCfg = Debug|Any CPU
		{6E95CA3C-8596-4B74-91AB-60321295D0CD}.Debug|Any CPU.Build.0 = Debug|Any CPU
		{6E95CA3C-8596-4B74-91AB-60321295D0CD}.Release|Any CPU.ActiveCfg = Release|Any CPU
		{6E95CA3C-8596-4B74-91AB-60321295D0CD}.Release|Any CPU.Build.0 = Release|Any CPU
	EndGlobalSection
	GlobalSection(SolutionProperties) = preSolution
		HideSolutionNode = FALSE
	EndGlobalSection
	GlobalSection(NestedProjects) = preSolution
		{6E95CA3C-8596-4B74-91AB-60321295D0CD} = {BBE4BF09-1904-4E92-A791-E4FB769F9482}
	EndGlobalSection
EndGlobal
